// !$*UTF8*$!
{
	archiveVersion = 1;
	classes = {
	};
	objectVersion = 48;
	objects = {

/* Begin PBXBuildFile section */
		BE0679FF20A93965007A9847 /* AppDelegate.swift in Sources */ = {isa = PBXBuildFile; fileRef = BE0679FE20A93965007A9847 /* AppDelegate.swift */; };
		BE067A0120A93965007A9847 /* ViewController.swift in Sources */ = {isa = PBXBuildFile; fileRef = BE067A0020A93965007A9847 /* ViewController.swift */; };
		BE067A0420A93965007A9847 /* Main.storyboard in Resources */ = {isa = PBXBuildFile; fileRef = BE067A0220A93965007A9847 /* Main.storyboard */; };
		BE067A0620A93965007A9847 /* Assets.xcassets in Resources */ = {isa = PBXBuildFile; fileRef = BE067A0520A93965007A9847 /* Assets.xcassets */; };
		BE067A0920A93965007A9847 /* LaunchScreen.storyboard in Resources */ = {isa = PBXBuildFile; fileRef = BE067A0720A93965007A9847 /* LaunchScreen.storyboard */; };
		BE067A1420A93965007A9847 /* RetroCalculatorTests.swift in Sources */ = {isa = PBXBuildFile; fileRef = BE067A1320A93965007A9847 /* RetroCalculatorTests.swift */; };
		BE067A1F20A93965007A9847 /* RetroCalculatorUITests.swift in Sources */ = {isa = PBXBuildFile; fileRef = BE067A1E20A93965007A9847 /* RetroCalculatorUITests.swift */; };
		BE0DE30820AC0CDF00F1EFAD /* btn.wav in Resources */ = {isa = PBXBuildFile; fileRef = BE0DE30720AC0CDF00F1EFAD /* btn.wav */; };
/* End PBXBuildFile section */

/* Begin PBXContainerItemProxy section */
		BE067A1020A93965007A9847 /* PBXContainerItemProxy */ = {
			isa = PBXContainerItemProxy;
			containerPortal = BE0679F320A93965007A9847 /* Project object */;
			proxyType = 1;
			remoteGlobalIDString = BE0679FA20A93965007A9847;
			remoteInfo = RetroCalculator;
		};
		BE067A1B20A93965007A9847 /* PBXContainerItemProxy */ = {
			isa = PBXContainerItemProxy;
			containerPortal = BE0679F320A93965007A9847 /* Project object */;
			proxyType = 1;
			remoteGlobalIDString = BE0679FA20A93965007A9847;
			remoteInfo = RetroCalculator;
		};
/* End PBXContainerItemProxy section */

/* Begin PBXFileReference section */
		BE0679FB20A93965007A9847 /* RetroCalculator.app */ = {isa = PBXFileReference; explicitFileType = wrapper.application; includeInIndex = 0; path = RetroCalculator.app; sourceTree = BUILT_PRODUCTS_DIR; };
		BE0679FE20A93965007A9847 /* AppDelegate.swift */ = {isa = PBXFileReference; lastKnownFileType = sourcecode.swift; path = AppDelegate.swift; sourceTree = "<group>"; };
		BE067A0020A93965007A9847 /* ViewController.swift */ = {isa = PBXFileReference; lastKnownFileType = sourcecode.swift; path = ViewController.swift; sourceTree = "<group>"; };
		BE067A0320A93965007A9847 /* Base */ = {isa = PBXFileReference; lastKnownFileType = file.storyboard; name = Base; path = Base.lproj/Main.storyboard; sourceTree = "<group>"; };
		BE067A0520A93965007A9847 /* Assets.xcassets */ = {isa = PBXFileReference; lastKnownFileType = folder.assetcatalog; path = Assets.xcassets; sourceTree = "<group>"; };
		BE067A0820A93965007A9847 /* Base */ = {isa = PBXFileReference; lastKnownFileType = file.storyboard; name = Base; path = Base.lproj/LaunchScreen.storyboard; sourceTree = "<group>"; };
		BE067A0A20A93965007A9847 /* Info.plist */ = {isa = PBXFileReference; lastKnownFileType = text.plist.xml; path = Info.plist; sourceTree = "<group>"; };
		BE067A0F20A93965007A9847 /* RetroCalculatorTests.xctest */ = {isa = PBXFileReference; explicitFileType = wrapper.cfbundle; includeInIndex = 0; path = RetroCalculatorTests.xctest; sourceTree = BUILT_PRODUCTS_DIR; };
		BE067A1320A93965007A9847 /* RetroCalculatorTests.swift */ = {isa = PBXFileReference; lastKnownFileType = sourcecode.swift; path = RetroCalculatorTests.swift; sourceTree = "<group>"; };
		BE067A1520A93965007A9847 /* Info.plist */ = {isa = PBXFileReference; lastKnownFileType = text.plist.xml; path = Info.plist; sourceTree = "<group>"; };
		BE067A1A20A93965007A9847 /* RetroCalculatorUITests.xctest */ = {isa = PBXFileReference; explicitFileType = wrapper.cfbundle; includeInIndex = 0; path = RetroCalculatorUITests.xctest; sourceTree = BUILT_PRODUCTS_DIR; };
		BE067A1E20A93965007A9847 /* RetroCalculatorUITests.swift */ = {isa = PBXFileReference; lastKnownFileType = sourcecode.swift; path = RetroCalculatorUITests.swift; sourceTree = "<group>"; };
		BE067A2020A93965007A9847 /* Info.plist */ = {isa = PBXFileReference; lastKnownFileType = text.plist.xml; path = Info.plist; sourceTree = "<group>"; };
		BE0DE30720AC0CDF00F1EFAD /* btn.wav */ = {isa = PBXFileReference; lastKnownFileType = audio.wav; path = btn.wav; sourceTree = "<group>"; };
/* End PBXFileReference section */

/* Begin PBXFrameworksBuildPhase section */
		BE0679F820A93965007A9847 /* Frameworks */ = {
			isa = PBXFrameworksBuildPhase;
			buildActionMask = 2147483647;
			files = (
			);
			runOnlyForDeploymentPostprocessing = 0;
		};
		BE067A0C20A93965007A9847 /* Frameworks */ = {
			isa = PBXFrameworksBuildPhase;
			buildActionMask = 2147483647;
			files = (
			);
			runOnlyForDeploymentPostprocessing = 0;
		};
		BE067A1720A93965007A9847 /* Frameworks */ = {
			isa = PBXFrameworksBuildPhase;
			buildActionMask = 2147483647;
			files = (
			);
			runOnlyForDeploymentPostprocessing = 0;
		};
/* End PBXFrameworksBuildPhase section */

/* Begin PBXGroup section */
		BE0679F220A93965007A9847 = {
			isa = PBXGroup;
			children = (
				BE0679FD20A93965007A9847 /* RetroCalculator */,
				BE067A1220A93965007A9847 /* RetroCalculatorTests */,
				BE067A1D20A93965007A9847 /* RetroCalculatorUITests */,
				BE0679FC20A93965007A9847 /* Products */,
			);
			sourceTree = "<group>";
		};
		BE0679FC20A93965007A9847 /* Products */ = {
			isa = PBXGroup;
			children = (
				BE0679FB20A93965007A9847 /* RetroCalculator.app */,
				BE067A0F20A93965007A9847 /* RetroCalculatorTests.xctest */,
				BE067A1A20A93965007A9847 /* RetroCalculatorUITests.xctest */,
			);
			name = Products;
			sourceTree = "<group>";
		};
		BE0679FD20A93965007A9847 /* RetroCalculator */ = {
			isa = PBXGroup;
			children = (
				BE0DE30720AC0CDF00F1EFAD /* btn.wav */,
				BE0679FE20A93965007A9847 /* AppDelegate.swift */,
				BE067A0020A93965007A9847 /* ViewController.swift */,
				BE067A0220A93965007A9847 /* Main.storyboard */,
				BE067A0520A93965007A9847 /* Assets.xcassets */,
				BE067A0720A93965007A9847 /* LaunchScreen.storyboard */,
				BE067A0A20A93965007A9847 /* Info.plist */,
			);
			path = RetroCalculator;
			sourceTree = "<group>";
		};
		BE067A1220A93965007A9847 /* RetroCalculatorTests */ = {
			isa = PBXGroup;
			children = (
				BE067A1320A93965007A9847 /* RetroCalculatorTests.swift */,
				BE067A1520A93965007A9847 /* Info.plist */,
			);
			path = RetroCalculatorTests;
			sourceTree = "<group>";
		};
		BE067A1D20A93965007A9847 /* RetroCalculatorUITests */ = {
			isa = PBXGroup;
			children = (
				BE067A1E20A93965007A9847 /* RetroCalculatorUITests.swift */,
				BE067A2020A93965007A9847 /* Info.plist */,
			);
			path = RetroCalculatorUITests;
			sourceTree = "<group>";
		};
/* End PBXGroup section */

/* Begin PBXNativeTarget section */
		BE0679FA20A93965007A9847 /* RetroCalculator */ = {
			isa = PBXNativeTarget;
			buildConfigurationList = BE067A2320A93965007A9847 /* Build configuration list for PBXNativeTarget "RetroCalculator" */;
			buildPhases = (
				BE0679F720A93965007A9847 /* Sources */,
				BE0679F820A93965007A9847 /* Frameworks */,
				BE0679F920A93965007A9847 /* Resources */,
			);
			buildRules = (
			);
			dependencies = (
			);
			name = RetroCalculator;
			productName = RetroCalculator;
			productReference = BE0679FB20A93965007A9847 /* RetroCalculator.app */;
			productType = "com.apple.product-type.application";
		};
		BE067A0E20A93965007A9847 /* RetroCalculatorTests */ = {
			isa = PBXNativeTarget;
			buildConfigurationList = BE067A2620A93965007A9847 /* Build configuration list for PBXNativeTarget "RetroCalculatorTests" */;
			buildPhases = (
				BE067A0B20A93965007A9847 /* Sources */,
				BE067A0C20A93965007A9847 /* Frameworks */,
				BE067A0D20A93965007A9847 /* Resources */,
			);
			buildRules = (
			);
			dependencies = (
				BE067A1120A93965007A9847 /* PBXTargetDependency */,
			);
			name = RetroCalculatorTests;
			productName = RetroCalculatorTests;
			productReference = BE067A0F20A93965007A9847 /* RetroCalculatorTests.xctest */;
			productType = "com.apple.product-type.bundle.unit-test";
		};
		BE067A1920A93965007A9847 /* RetroCalculatorUITests */ = {
			isa = PBXNativeTarget;
			buildConfigurationList = BE067A2920A93965007A9847 /* Build configuration list for PBXNativeTarget "RetroCalculatorUITests" */;
			buildPhases = (
				BE067A1620A93965007A9847 /* Sources */,
				BE067A1720A93965007A9847 /* Frameworks */,
				BE067A1820A93965007A9847 /* Resources */,
			);
			buildRules = (
			);
			dependencies = (
				BE067A1C20A93965007A9847 /* PBXTargetDependency */,
			);
			name = RetroCalculatorUITests;
			productName = RetroCalculatorUITests;
			productReference = BE067A1A20A93965007A9847 /* RetroCalculatorUITests.xctest */;
			productType = "com.apple.product-type.bundle.ui-testing";
		};
/* End PBXNativeTarget section */

/* Begin PBXProject section */
		BE0679F320A93965007A9847 /* Project object */ = {
			isa = PBXProject;
			attributes = {
				LastSwiftUpdateCheck = 0920;
				LastUpgradeCheck = 0920;
				ORGANIZATIONNAME = Munji;
				TargetAttributes = {
					BE0679FA20A93965007A9847 = {
						CreatedOnToolsVersion = 9.2;
						ProvisioningStyle = Automatic;
					};
					BE067A0E20A93965007A9847 = {
						CreatedOnToolsVersion = 9.2;
						ProvisioningStyle = Automatic;
						TestTargetID = BE0679FA20A93965007A9847;
					};
					BE067A1920A93965007A9847 = {
						CreatedOnToolsVersion = 9.2;
						ProvisioningStyle = Automatic;
						TestTargetID = BE0679FA20A93965007A9847;
					};
				};
			};
			buildConfigurationList = BE0679F620A93965007A9847 /* Build configuration list for PBXProject "RetroCalculator" */;
			compatibilityVersion = "Xcode 8.0";
			developmentRegion = en;
			hasScannedForEncodings = 0;
			knownRegions = (
				en,
				Base,
			);
			mainGroup = BE0679F220A93965007A9847;
			productRefGroup = BE0679FC20A93965007A9847 /* Products */;
			projectDirPath = "";
			projectRoot = "";
			targets = (
				BE0679FA20A93965007A9847 /* RetroCalculator */,
				BE067A0E20A93965007A9847 /* RetroCalculatorTests */,
				BE067A1920A93965007A9847 /* RetroCalculatorUITests */,
			);
		};
/* End PBXProject section */

/* Begin PBXResourcesBuildPhase section */
		BE0679F920A93965007A9847 /* Resources */ = {
			isa = PBXResourcesBuildPhase;
			buildActionMask = 2147483647;
			files = (
				BE067A0920A93965007A9847 /* LaunchScreen.storyboard in Resources */,
				BE067A0620A93965007A9847 /* Assets.xcassets in Resources */,
				BE067A0420A93965007A9847 /* Main.storyboard in Resources */,
				BE0DE30820AC0CDF00F1EFAD /* btn.wav in Resources */,
			);
			runOnlyForDeploymentPostprocessing = 0;
		};
		BE067A0D20A93965007A9847 /* Resources */ = {
			isa = PBXResourcesBuildPhase;
			buildActionMask = 2147483647;
			files = (
			);
			runOnlyForDeploymentPostprocessing = 0;
		};
		BE067A1820A93965007A9847 /* Resources */ = {
			isa = PBXResourcesBuildPhase;
			buildActionMask = 2147483647;
			files = (
			);
			runOnlyForDeploymentPostprocessing = 0;
		};
/* End PBXResourcesBuildPhase section */

/* Begin PBXSourcesBuildPhase section */
		BE0679F720A93965007A9847 /* Sources */ = {
			isa = PBXSourcesBuildPhase;
			buildActionMask = 2147483647;
			files = (
				BE067A0120A93965007A9847 /* ViewController.swift in Sources */,
				BE0679FF20A93965007A9847 /* AppDelegate.swift in Sources */,
			);
			runOnlyForDeploymentPostprocessing = 0;
		};
		BE067A0B20A93965007A9847 /* Sources */ = {
			isa = PBXSourcesBuildPhase;
			buildActionMask = 2147483647;
			files = (
				BE067A1420A93965007A9847 /* RetroCalculatorTests.swift in Sources */,
			);
			runOnlyForDeploymentPostprocessing = 0;
		};
		BE067A1620A93965007A9847 /* Sources */ = {
			isa = PBXSourcesBuildPhase;
			buildActionMask = 2147483647;
			files = (
				BE067A1F20A93965007A9847 /* RetroCalculatorUITests.swift in Sources */,
			);
			runOnlyForDeploymentPostprocessing = 0;
		};
/* End PBXSourcesBuildPhase section */

/* Begin PBXTargetDependency section */
		BE067A1120A93965007A9847 /* PBXTargetDependency */ = {
			isa = PBXTargetDependency;
			target = BE0679FA20A93965007A9847 /* RetroCalculator */;
			targetProxy = BE067A1020A93965007A9847 /* PBXContainerItemProxy */;
		};
		BE067A1C20A93965007A9847 /* PBXTargetDependency */ = {
			isa = PBXTargetDependency;
			target = BE0679FA20A93965007A9847 /* RetroCalculator */;
			targetProxy = BE067A1B20A93965007A9847 /* PBXContainerItemProxy */;
		};
/* End PBXTargetDependency section */

/* Begin PBXVariantGroup section */
		BE067A0220A93965007A9847 /* Main.storyboard */ = {
			isa = PBXVariantGroup;
			children = (
				BE067A0320A93965007A9847 /* Base */,
			);
			name = Main.storyboard;
			sourceTree = "<group>";
		};
		BE067A0720A93965007A9847 /* LaunchScreen.storyboard */ = {
			isa = PBXVariantGroup;
			children = (
				BE067A0820A93965007A9847 /* Base */,
			);
			name = LaunchScreen.storyboard;
			sourceTree = "<group>";
		};
/* End PBXVariantGroup section */

/* Begin XCBuildConfiguration section */
		BE067A2120A93965007A9847 /* Debug */ = {
			isa = XCBuildConfiguration;
			buildSettings = {
				ALWAYS_SEARCH_USER_PATHS = NO;
				CLANG_ANALYZER_NONNULL = YES;
				CLANG_ANALYZER_NUMBER_OBJECT_CONVERSION = YES_AGGRESSIVE;
				CLANG_CXX_LANGUAGE_STANDARD = "gnu++14";
				CLANG_CXX_LIBRARY = "libc++";
				CLANG_ENABLE_MODULES = YES;
				CLANG_ENABLE_OBJC_ARC = YES;
				CLANG_WARN_BLOCK_CAPTURE_AUTORELEASING = YES;
				CLANG_WARN_BOOL_CONVERSION = YES;
				CLANG_WARN_COMMA = YES;
				CLANG_WARN_CONSTANT_CONVERSION = YES;
				CLANG_WARN_DIRECT_OBJC_ISA_USAGE = YES_ERROR;
				CLANG_WARN_DOCUMENTATION_COMMENTS = YES;
				CLANG_WARN_EMPTY_BODY = YES;
				CLANG_WARN_ENUM_CONVERSION = YES;
				CLANG_WARN_INFINITE_RECURSION = YES;
				CLANG_WARN_INT_CONVERSION = YES;
				CLANG_WARN_NON_LITERAL_NULL_CONVERSION = YES;
				CLANG_WARN_OBJC_LITERAL_CONVERSION = YES;
				CLANG_WARN_OBJC_ROOT_CLASS = YES_ERROR;
				CLANG_WARN_RANGE_LOOP_ANALYSIS = YES;
				CLANG_WARN_STRICT_PROTOTYPES = YES;
				CLANG_WARN_SUSPICIOUS_MOVE = YES;
				CLANG_WARN_UNGUARDED_AVAILABILITY = YES_AGGRESSIVE;
				CLANG_WARN_UNREACHABLE_CODE = YES;
				CLANG_WARN__DUPLICATE_METHOD_MATCH = YES;
				CODE_SIGN_IDENTITY = "iPhone Developer";
				COPY_PHASE_STRIP = NO;
				DEBUG_INFORMATION_FORMAT = dwarf;
				ENABLE_STRICT_OBJC_MSGSEND = YES;
				ENABLE_TESTABILITY = YES;
				GCC_C_LANGUAGE_STANDARD = gnu11;
				GCC_DYNAMIC_NO_PIC = NO;
				GCC_NO_COMMON_BLOCKS = YES;
				GCC_OPTIMIZATION_LEVEL = 0;
				GCC_PREPROCESSOR_DEFINITIONS = (
					"DEBUG=1",
					"$(inherited)",
				);
				GCC_WARN_64_TO_32_BIT_CONVERSION = YES;
				GCC_WARN_ABOUT_RETURN_TYPE = YES_ERROR;
				GCC_WARN_UNDECLARED_SELECTOR = YES;
				GCC_WARN_UNINITIALIZED_AUTOS = YES_AGGRESSIVE;
				GCC_WARN_UNUSED_FUNCTION = YES;
				GCC_WARN_UNUSED_VARIABLE = YES;
				IPHONEOS_DEPLOYMENT_TARGET = 11.2;
				MTL_ENABLE_DEBUG_INFO = YES;
				ONLY_ACTIVE_ARCH = YES;
				SDKROOT = iphoneos;
				SWIFT_ACTIVE_COMPILATION_CONDITIONS = DEBUG;
				SWIFT_OPTIMIZATION_LEVEL = "-Onone";
			};
			name = Debug;
		};
		BE067A2220A93965007A9847 /* Release */ = {
			isa = XCBuildConfiguration;
			buildSettings = {
				ALWAYS_SEARCH_USER_PATHS = NO;
				CLANG_ANALYZER_NONNULL = YES;
				CLANG_ANALYZER_NUMBER_OBJECT_CONVERSION = YES_AGGRESSIVE;
				CLANG_CXX_LANGUAGE_STANDARD = "gnu++14";
				CLANG_CXX_LIBRARY = "libc++";
				CLANG_ENABLE_MODULES = YES;
				CLANG_ENABLE_OBJC_ARC = YES;
				CLANG_WARN_BLOCK_CAPTURE_AUTORELEASING = YES;
				CLANG_WARN_BOOL_CONVERSION = YES;
				CLANG_WARN_COMMA = YES;
				CLANG_WARN_CONSTANT_CONVERSION = YES;
				CLANG_WARN_DIRECT_OBJC_ISA_USAGE = YES_ERROR;
				CLANG_WARN_DOCUMENTATION_COMMENTS = YES;
				CLANG_WARN_EMPTY_BODY = YES;
				CLANG_WARN_ENUM_CONVERSION = YES;
				CLANG_WARN_INFINITE_RECURSION = YES;
				CLANG_WARN_INT_CONVERSION = YES;
				CLANG_WARN_NON_LITERAL_NULL_CONVERSION = YES;
				CLANG_WARN_OBJC_LITERAL_CONVERSION = YES;
				CLANG_WARN_OBJC_ROOT_CLASS = YES_ERROR;
				CLANG_WARN_RANGE_LOOP_ANALYSIS = YES;
				CLANG_WARN_STRICT_PROTOTYPES = YES;
				CLANG_WARN_SUSPICIOUS_MOVE = YES;
				CLANG_WARN_UNGUARDED_AVAILABILITY = YES_AGGRESSIVE;
				CLANG_WARN_UNREACHABLE_CODE = YES;
				CLANG_WARN__DUPLICATE_METHOD_MATCH = YES;
				CODE_SIGN_IDENTITY = "iPhone Developer";
				COPY_PHASE_STRIP = NO;
				DEBUG_INFORMATION_FORMAT = "dwarf-with-dsym";
				ENABLE_NS_ASSERTIONS = NO;
				ENABLE_STRICT_OBJC_MSGSEND = YES;
				GCC_C_LANGUAGE_STANDARD = gnu11;
				GCC_NO_COMMON_BLOCKS = YES;
				GCC_WARN_64_TO_32_BIT_CONVERSION = YES;
				GCC_WARN_ABOUT_RETURN_TYPE = YES_ERROR;
				GCC_WARN_UNDECLARED_SELECTOR = YES;
				GCC_WARN_UNINITIALIZED_AUTOS = YES_AGGRESSIVE;
				GCC_WARN_UNUSED_FUNCTION = YES;
				GCC_WARN_UNUSED_VARIABLE = YES;
				IPHONEOS_DEPLOYMENT_TARGET = 11.2;
				MTL_ENABLE_DEBUG_INFO = NO;
				SDKROOT = iphoneos;
				SWIFT_OPTIMIZATION_LEVEL = "-Owholemodule";
				VALIDATE_PRODUCT = YES;
			};
			name = Release;
		};
		BE067A2420A93965007A9847 /* Debug */ = {
			isa = XCBuildConfiguration;
			buildSettings = {
				ASSETCATALOG_COMPILER_APPICON_NAME = AppIcon;
				CODE_SIGN_STYLE = Automatic;
				DEVELOPMENT_TEAM = PGJVRN26M6;
				INFOPLIST_FILE = RetroCalculator/Info.plist;
				LD_RUNPATH_SEARCH_PATHS = "$(inherited) @executable_path/Frameworks";
				PRODUCT_BUNDLE_IDENTIFIER = MunjiKahalah.RetroCalculator;
				PRODUCT_NAME = "$(TARGET_NAME)";
				SWIFT_VERSION = 4.0;
				TARGETED_DEVICE_FAMILY = "1,2";
			};
			name = Debug;
		};
		BE067A2520A93965007A9847 /* Release */ = {
			isa = XCBuildConfiguration;
			buildSettings = {
				ASSETCATALOG_COMPILER_APPICON_NAME = AppIcon;
				CODE_SIGN_STYLE = Automatic;
				DEVELOPMENT_TEAM = PGJVRN26M6;
				INFOPLIST_FILE = RetroCalculator/Info.plist;
				LD_RUNPATH_SEARCH_PATHS = "$(inherited) @executable_path/Frameworks";
				PRODUCT_BUNDLE_IDENTIFIER = MunjiKahalah.RetroCalculator;
				PRODUCT_NAME = "$(TARGET_NAME)";
				SWIFT_VERSION = 4.0;
				TARGETED_DEVICE_FAMILY = "1,2";
			};
			name = Release;
		};
		BE067A2720A93965007A9847 /* Debug */ = {
			isa = XCBuildConfiguration;
			buildSettings = {
				ALWAYS_EMBED_SWIFT_STANDARD_LIBRARIES = YES;
				BUNDLE_LOADER = "$(TEST_HOST)";
				CODE_SIGN_STYLE = Automatic;
				DEVELOPMENT_TEAM = PGJVRN26M6;
				INFOPLIST_FILE = RetroCalculatorTests/Info.plist;
				LD_RUNPATH_SEARCH_PATHS = "$(inherited) @executable_path/Frameworks @loader_path/Frameworks";
				PRODUCT_BUNDLE_IDENTIFIER = MunjiKahalah.RetroCalculatorTests;
				PRODUCT_NAME = "$(TARGET_NAME)";
				SWIFT_VERSION = 4.0;
				TARGETED_DEVICE_FAMILY = "1,2";
				TEST_HOST = "$(BUILT_PRODUCTS_DIR)/RetroCalculator.app/RetroCalculator";
			};
			name = Debug;
		};
		BE067A2820A93965007A9847 /* Release */ = {
			isa = XCBuildConfiguration;
			buildSettings = {
				ALWAYS_EMBED_SWIFT_STANDARD_LIBRARIES = YES;
				BUNDLE_LOADER = "$(TEST_HOST)";
				CODE_SIGN_STYLE = Automatic;
				DEVELOPMENT_TEAM = PGJVRN26M6;
				INFOPLIST_FILE = RetroCalculatorTests/Info.plist;
				LD_RUNPATH_SEARCH_PATHS = "$(inherited) @executable_path/Frameworks @loader_path/Frameworks";
				PRODUCT_BUNDLE_IDENTIFIER = MunjiKahalah.RetroCalculatorTests;
				PRODUCT_NAME = "$(TARGET_NAME)";
				SWIFT_VERSION = 4.0;
				TARGETED_DEVICE_FAMILY = "1,2";
				TEST_HOST = "$(BUILT_PRODUCTS_DIR)/RetroCalculator.app/RetroCalculator";
			};
			name = Release;
		};
		BE067A2A20A93965007A9847 /* Debug */ = {
			isa = XCBuildConfiguration;
			buildSettings = {
				ALWAYS_EMBED_SWIFT_STANDARD_LIBRARIES = YES;
				CODE_SIGN_STYLE = Automatic;
				DEVELOPMENT_TEAM = PGJVRN26M6;
				INFOPLIST_FILE = RetroCalculatorUITests/Info.plist;
				LD_RUNPATH_SEARCH_PATHS = "$(inherited) @executable_path/Frameworks @loader_path/Frameworks";
				PRODUCT_BUNDLE_IDENTIFIER = MunjiKahalah.RetroCalculatorUITests;
				PRODUCT_NAME = "$(TARGET_NAME)";
				SWIFT_VERSION = 4.0;
				TARGETED_DEVICE_FAMILY = "1,2";
				TEST_TARGET_NAME = RetroCalculator;
			};
			name = Debug;
		};
		BE067A2B20A93965007A9847 /* Release */ = {
			isa = XCBuildConfiguration;
			buildSettings = {
				ALWAYS_EMBED_SWIFT_STANDARD_LIBRARIES = YES;
				CODE_SIGN_STYLE = Automatic;
				DEVELOPMENT_TEAM = PGJVRN26M6;
				INFOPLIST_FILE = RetroCalculatorUITests/Info.plist;
				LD_RUNPATH_SEARCH_PATHS = "$(inherited) @executable_path/Frameworks @loader_path/Frameworks";
				PRODUCT_BUNDLE_IDENTIFIER = MunjiKahalah.RetroCalculatorUITests;
				PRODUCT_NAME = "$(TARGET_NAME)";
				SWIFT_VERSION = 4.0;
				TARGETED_DEVICE_FAMILY = "1,2";
				TEST_TARGET_NAME = RetroCalculator;
			};
			name = Release;
		};
/* End XCBuildConfiguration section */

/* Begin XCConfigurationList section */
		BE0679F620A93965007A9847 /* Build configuration list for PBXProject "RetroCalculator" */ = {
			isa = XCConfigurationList;
			buildConfigurations = (
				BE067A2120A93965007A9847 /* Debug */,
				BE067A2220A93965007A9847 /* Release */,
			);
			defaultConfigurationIsVisible = 0;
			defaultConfigurationName = Release;
		};
		BE067A2320A93965007A9847 /* Build configuration list for PBXNativeTarget "RetroCalculator" */ = {
			isa = XCConfigurationList;
			buildConfigurations = (
				BE067A2420A93965007A9847 /* Debug */,
				BE067A2520A93965007A9847 /* Release */,
			);
			defaultConfigurationIsVisible = 0;
			defaultConfigurationName = Release;
		};
		BE067A2620A93965007A9847 /* Build configuration list for PBXNativeTarget "RetroCalculatorTests" */ = {
			isa = XCConfigurationList;
			buildConfigurations = (
				BE067A2720A93965007A9847 /* Debug */,
				BE067A2820A93965007A9847 /* Release */,
			);
			defaultConfigurationIsVisible = 0;
			defaultConfigurationName = Release;
		};
		BE067A2920A93965007A9847 /* Build configuration list for PBXNativeTarget "RetroCalculatorUITests" */ = {
			isa = XCConfigurationList;
			buildConfigurations = (
				BE067A2A20A93965007A9847 /* Debug */,
				BE067A2B20A93965007A9847 /* Release */,
			);
			defaultConfigurationIsVisible = 0;
			defaultConfigurationName = Release;
		};
/* End XCConfigurationList section */
	};
	rootObject = BE0679F320A93965007A9847 /* Project object */;
}
